<Solution>
  <Folder Name="/samples/">
    <Project Path="samples/01-HelloAgent/01-HelloAgent.csproj" />
    <Project Path="samples/02-MultiProvider/02-MultiProvider.csproj" />
    <Project Path="samples/03-ToolCalling/03-ToolCalling.csproj" />
    <Project Path="samples/04-SessionForking/04-SessionForking.csproj" />
    <Project Path="samples/05-Memory/05-Memory.csproj" />
    <Project Path="samples/06-Rag/06-Rag.csproj" />
    <Project Path="samples/07-Workflow/07-Workflow.csproj" />
    <Project Path="samples/08-HITL/08-HITL.csproj" />
  </Folder>
  <Folder Name="/src/">
    <Project Path="src/Sentirum.Agent.Abstractions/Sentirum.Agent.Abstractions.csproj" />
    <Project Path="src/Sentirum.Agent.Core/Sentirum.Agent.Core.csproj" />
    <Project Path="src/Sentirum.Agent.Hosting/Sentirum.Agent.Hosting.csproj" />
    <Project Path="src/Sentirum.Agent.Providers.Anthropic/Sentirum.Agent.Providers.Anthropic.csproj" />
    <Project Path="src/Sentirum.Agent.Providers.AnthropicCompatible/Sentirum.Agent.Providers.AnthropicCompatible.csproj" />
    <Project Path="src/Sentirum.Agent.Providers.Custom/Sentirum.Agent.Providers.Custom.csproj" />
    <Project Path="src/Sentirum.Agent.Providers.Ollama/Sentirum.Agent.Providers.Ollama.csproj" />
    <Project Path="src/Sentirum.Agent.Providers.OpenAI/Sentirum.Agent.Providers.OpenAI.csproj" />
    <Project Path="src/Sentirum.Agent.Providers.OpenAICompatible/Sentirum.Agent.Providers.OpenAICompatible.csproj" />
    <Project Path="src/Sentirum.Agent.Providers.ZAI/Sentirum.Agent.Providers.ZAI.csproj" />
    <Project Path="src/Sentirum.Agent.Sessions.Tree/Sentirum.Agent.Sessions.Tree.csproj" />
    <Project Path="src/Sentirum.Agent.Tools.Core/Sentirum.Agent.Tools.Core.csproj" />
    <Project Path="src/Sentirum.Agent.Memory.Abstractions/Sentirum.Agent.Memory.Abstractions.csproj" />
    <Project Path="src/Sentirum.Agent.Memory.InMemory/Sentirum.Agent.Memory.InMemory.csproj" />
    <Project Path="src/Sentirum.Agent.Memory.Redis/Sentirum.Agent.Memory.Redis.csproj" />
    <Project Path="src/Sentirum.Agent.Memory.EntityFrameworkCore/Sentirum.Agent.Memory.EntityFrameworkCore.csproj" />
    <Project Path="src/Sentirum.Agent.Context/Sentirum.Agent.Context.csproj" />
    <Project Path="src/Sentirum.Agent.Workflows/Sentirum.Agent.Workflows.csproj" />
    <Project Path="src/Sentirum.Agent.Workflows.HumanInTheLoop/Sentirum.Agent.Workflows.HumanInTheLoop.csproj" />
  </Folder>
  <Folder Name="/tests/">
    <Project Path="tests/Sentirum.Agent.Abstractions.Tests/Sentirum.Agent.Abstractions.Tests.csproj" />
    <Project Path="tests/Sentirum.Agent.Core.Tests/Sentirum.Agent.Core.Tests.csproj" />
    <Project Path="tests/Sentirum.Agent.Providers.Tests/Sentirum.Agent.Providers.Tests.csproj" />
    <Project Path="tests/Sentirum.Agent.Sessions.Tree.Tests/Sentirum.Agent.Sessions.Tree.Tests.csproj" />
    <Project Path="tests/Sentirum.Agent.Tools.Tests/Sentirum.Agent.Tools.Tests.csproj" />
    <Project Path="tests/Sentirum.Agent.Memory.Tests/Sentirum.Agent.Memory.Tests.csproj" />
    <Project Path="tests/Sentirum.Agent.Context.Tests/Sentirum.Agent.Context.Tests.csproj" />
    <Project Path="tests/Sentirum.Agent.Workflows.Tests/Sentirum.Agent.Workflows.Tests.csproj" />
    <Project Path="tests/Sentirum.Agent.Workflows.HumanInTheLoop.Tests/Sentirum.Agent.Workflows.HumanInTheLoop.Tests.csproj" />
  </Folder>
</Solution>
